# This file was autogenerated by uv via the following command:
#    uv pip compile requirements.txt -o requirements.lock --python-version 3.13
aiohappyeyeballs==2.7.1
    # via aiohttp
aiohttp==3.14.3
    # via
    #   kubernetes
    #   langchain-community
aiosignal==1.4.0
    # via aiohttp
annotated-doc==0.0.5
    # via
    #   fastapi
    #   typer
annotated-types==0.8.0
    # via pydantic
anyio==4.14.2
    # via
    #   httpx
    #   httpx2
    #   langsmith
    #   openai
    #   starlette
    #   watchfiles
attrs==26.1.0
    # via
    #   aiohttp
    #   jsonschema
    #   referencing
bcrypt==5.0.0
    # via chromadb
build==1.5.0
    # via chromadb
certifi==2026.7.22
    # via
    #   httpcore
    #   httpx
    #   kubernetes
    #   langchain-openai
    #   requests
cffi==2.1.1
    # via cryptography
charset-normalizer==3.5.0
    # via requests
chromadb==1.5.9
    # via
    #   -r requirements.txt
    #   langchain-chroma
click==8.4.2
    # via
    #   huggingface-hub
    #   uvicorn
colorama==0.4.6
    # via
    #   build
    #   click
    #   loguru
    #   tqdm
    #   typer
cryptography==50.0.0
    # via -r requirements.txt
distro==1.9.0
    # via
    #   langsmith
    #   openai
durationpy==0.10
    # via kubernetes
faker==40.36.0
    # via -r requirements.txt
fastapi==0.141.1
    # via -r requirements.txt
fastembed==0.8.0
    # via -r requirements.txt
filelock==3.32.3
    # via huggingface-hub
flatbuffers==25.12.19
    # via onnxruntime
frozenlist==1.8.0
    # via
    #   aiohttp
    #   aiosignal
fsspec==2026.7.0
    # via huggingface-hub
googleapis-common-protos==1.75.1
    # via opentelemetry-exporter-otlp-proto-grpc
greenlet==3.5.5
    # via sqlalchemy
grpcio==1.83.0
    # via
    #   chromadb
    #   opentelemetry-exporter-otlp-proto-grpc
h11==0.16.0
    # via
    #   httpcore
    #   httpcore2
    #   uvicorn
hf-xet==1.6.0
    # via huggingface-hub
httpcore==1.0.9
    # via httpx
httpcore2==2.10.0
    # via httpx2
httptools==0.8.0
    # via uvicorn
httpx==0.28.1
    # via
    #   chromadb
    #   huggingface-hub
    #   langgraph-sdk
    #   langsmith
httpx-sse==0.4.3
    # via langchain-community
httpx2==2.10.0
    # via openai
huggingface-hub==1.27.0
    # via
    #   fastembed
    #   tokenizers
idna==3.18
    # via
    #   anyio
    #   httpx
    #   httpx2
    #   requests
    #   yarl
importlib-resources==7.1.0
    # via chromadb
jieba==0.42.1
    # via -r requirements.txt
jiter==0.16.0
    # via openai
jsonpatch==1.33
    # via langchain-core
jsonpointer==3.1.1
    # via jsonpatch
jsonschema==4.26.0
    # via chromadb
jsonschema-specifications==2025.9.1
    # via jsonschema
kubernetes==36.0.3
    # via chromadb
langchain==1.3.15
    # via -r requirements.txt
langchain-chroma==1.1.0
    # via -r requirements.txt
langchain-classic==1.0.8
    # via langchain-community
langchain-community==0.4.2
    # via -r requirements.txt
langchain-core==1.5.4
    # via
    #   -r requirements.txt
    #   langchain
    #   langchain-chroma
    #   langchain-classic
    #   langchain-community
    #   langchain-deepseek
    #   langchain-openai
    #   langchain-text-splitters
    #   langgraph
    #   langgraph-checkpoint
    #   langgraph-prebuilt
    #   langgraph-sdk
langchain-deepseek==1.1.0
    # via -r requirements.txt
langchain-openai==1.5.0
    # via
    #   -r requirements.txt
    #   langchain-deepseek
langchain-protocol==0.0.18
    # via
    #   langchain-core
    #   langgraph-sdk
langchain-text-splitters==1.1.2
    # via
    #   -r requirements.txt
    #   langchain-classic
langgraph==1.2.11
    # via
    #   -r requirements.txt
    #   langchain
langgraph-checkpoint==4.2.0
    # via
    #   langgraph
    #   langgraph-prebuilt
langgraph-prebuilt==1.1.0
    # via langgraph
langgraph-sdk==0.4.2
    # via langgraph
langsmith==0.10.18
    # via
    #   langchain-classic
    #   langchain-community
    #   langchain-core
loguru==0.7.3
    # via fastembed
markdown-it-py==4.2.0
    # via rich
mdurl==0.1.2
    # via markdown-it-py
mmh3==5.2.1
    # via
    #   chromadb
    #   fastembed
multidict==6.7.1
    # via
    #   aiohttp
    #   yarl
numpy==2.5.2
    # via
    #   -r requirements.txt
    #   chromadb
    #   fastembed
    #   langchain-chroma
    #   langchain-community
    #   onnxruntime
    #   pandas
    #   rank-bm25
oauthlib==3.3.1
    # via requests-oauthlib
onnxruntime==1.28.0
    # via
    #   chromadb
    #   fastembed
openai==3.0.0
    # via langchain-openai
opentelemetry-api==1.44.0
    # via
    #   chromadb
    #   opentelemetry-exporter-otlp-proto-grpc
    #   opentelemetry-sdk
    #   opentelemetry-semantic-conventions
opentelemetry-exporter-otlp-proto-common==1.44.0
    # via opentelemetry-exporter-otlp-proto-grpc
opentelemetry-exporter-otlp-proto-grpc==1.44.0
    # via chromadb
opentelemetry-proto==1.44.0
    # via
    #   opentelemetry-exporter-otlp-proto-common
    #   opentelemetry-exporter-otlp-proto-grpc
opentelemetry-sdk==1.44.0
    # via
    #   chromadb
    #   opentelemetry-exporter-otlp-proto-grpc
opentelemetry-semantic-conventions==0.65b0
    # via opentelemetry-sdk
orjson==3.11.9
    # via
    #   chromadb
    #   langgraph-sdk
    #   langsmith
ormsgpack==1.12.2
    # via langgraph-checkpoint
overrides==7.7.0
    # via chromadb
packaging==26.3
    # via
    #   build
    #   huggingface-hub
    #   langchain-core
    #   langsmith
    #   onnxruntime
pandas==3.0.5
    # via -r requirements.txt
pillow==12.3.0
    # via fastembed
propcache==0.5.2
    # via
    #   aiohttp
    #   yarl
protobuf==7.35.1
    # via
    #   googleapis-common-protos
    #   onnxruntime
    #   opentelemetry-proto
py-rust-stemmers==0.1.8
    # via fastembed
pybase64==1.5.0
    # via chromadb
pycparser==3.0
    # via cffi
pydantic==2.13.4
    # via
    #   -r requirements.txt
    #   chromadb
    #   fastapi
    #   langchain
    #   langchain-classic
    #   langchain-core
    #   langgraph
    #   langsmith
    #   openai
    #   pydantic-settings
pydantic-core==2.46.4
    # via pydantic
pydantic-settings==2.15.0
    # via
    #   -r requirements.txt
    #   chromadb
    #   langchain-community
pygments==2.20.0
    # via rich
pymysql==1.2.0
    # via -r requirements.txt
pypdf==6.16.0
    # via -r requirements.txt
pypika==0.51.1
    # via chromadb
pyproject-hooks==1.2.0
    # via build
python-dateutil==2.9.0.post0
    # via
    #   kubernetes
    #   pandas
python-dotenv==1.2.2
    # via
    #   -r requirements.txt
    #   pydantic-settings
    #   uvicorn
python-multipart==0.0.32
    # via -r requirements.txt
pyyaml==6.0.3
    # via
    #   chromadb
    #   huggingface-hub
    #   kubernetes
    #   langchain-classic
    #   langchain-community
    #   langchain-core
    #   uvicorn
rank-bm25==0.2.2
    # via -r requirements.txt
referencing==0.37.0
    # via
    #   jsonschema
    #   jsonschema-specifications
regex==2026.7.19
    # via tiktoken
requests==2.34.2
    # via
    #   fastembed
    #   kubernetes
    #   langchain-classic
    #   langchain-community
    #   langsmith
    #   requests-oauthlib
    #   requests-toolbelt
    #   tiktoken
requests-oauthlib==2.0.0
    # via kubernetes
requests-toolbelt==1.0.0
    # via langsmith
rich==15.0.0
    # via
    #   chromadb
    #   typer
rpds-py==2026.6.3
    # via
    #   jsonschema
    #   referencing
shellingham==1.5.4
    # via typer
six==1.17.0
    # via
    #   kubernetes
    #   python-dateutil
sniffio==1.3.1
    # via
    #   langsmith
    #   openai
sqlalchemy==2.0.51
    # via
    #   -r requirements.txt
    #   langchain-classic
    #   langchain-community
starlette==1.6.0
    # via fastapi
tenacity==9.1.4
    # via
    #   chromadb
    #   langchain-community
    #   langchain-core
tiktoken==0.13.0
    # via langchain-openai
tokenizers==0.23.1
    # via
    #   chromadb
    #   fastembed
tqdm==4.70.0
    # via
    #   chromadb
    #   fastembed
    #   huggingface-hub
    #   openai
truststore==0.10.4
    # via
    #   httpcore2
    #   httpx2
typer==0.27.1
    # via chromadb
typing-extensions==4.16.0
    # via
    #   chromadb
    #   fastapi
    #   grpcio
    #   huggingface-hub
    #   langchain-core
    #   langchain-protocol
    #   langsmith
    #   openai
    #   opentelemetry-api
    #   opentelemetry-exporter-otlp-proto-grpc
    #   opentelemetry-sdk
    #   opentelemetry-semantic-conventions
    #   pydantic
    #   pydantic-core
    #   sqlalchemy
    #   typing-inspection
typing-inspection==0.4.4
    # via
    #   fastapi
    #   pydantic
    #   pydantic-settings
tzdata==2026.3
    # via
    #   faker
    #   pandas
urllib3==2.7.0
    # via
    #   kubernetes
    #   requests
uuid-utils==0.17.0
    # via
    #   langchain-core
    #   langsmith
uvicorn==0.52.3
    # via
    #   -r requirements.txt
    #   chromadb
watchfiles==1.2.0
    # via uvicorn
websocket-client==1.9.0
    # via kubernetes
websockets==15.0.1
    # via
    #   langgraph-sdk
    #   langsmith
    #   uvicorn
win32-setctime==1.2.0
    # via loguru
xxhash==4.0.0
    # via
    #   langgraph
    #   langsmith
yarl==1.24.5
    # via aiohttp
zstandard==0.25.0
    # via langsmith
